
Microsoft Visual Studio Solution File, Format Version 12.00
# Visual Studio Version 17
VisualStudioVersion = 17.11.35312.102
MinimumVisualStudioVersion = 10.0.40219.1
Project("{FAE04EC0-301F-11D3-BF4B-00C04F79EFBC}") = "zadatak", "zadatak\zadatak.csproj", "{18DE35A8-7381-44C3-B50F-8A34F53ACEA2}"
EndProject
Global
	GlobalSection(SolutionConfigurationPlatforms) = preSolution
		Debug|Any CPU = Debug|Any CPU
		Release|Any CPU = Release|Any CPU
	EndGlobalSection
	GlobalSection(ProjectConfigurationPlatforms) = postSolution
		{18DE35A8-7381-44C3-B50F-8A34F53ACEA2}.Debug|Any CPU.ActiveCfg = Debug|Any CPU
		{18DE35A8-7381-44C3-B50F-8A34F53ACEA2}.Debug|Any CPU.Build.0 = Debug|Any CPU
		{18DE35A8-7381-44C3-B50F-8A34F53ACEA2}.Release|Any CPU.ActiveCfg = Release|Any CPU
		{18DE35A8-7381-44C3-B50F-8A34F53ACEA2}.Release|Any CPU.Build.0 = Release|Any CPU
	EndGlobalSection
	GlobalSection(SolutionProperties) = preSolution
		HideSolutionNode = FALSE
	EndGlobalSection
	GlobalSection(ExtensibilityGlobals) = postSolution
		SolutionGuid = {AC187D22-EBB7-4BA0-850D-91F2C703CF81}
	EndGlobalSection
EndGlobal
